
Microsoft Visual Studio Solution File, Format Version 12.00
# Visual Studio Version 16
VisualStudioVersion = 16.0.30225.117
MinimumVisualStudioVersion = 10.0.40219.1
Project("{9A19103F-16F7-4668-BE54-9A1E7A4F7556}") = "BlazorChat", "BlazorChat.csproj", "{E0BC2AF8-445D-4F9E-BA67-8B834E5E3DF0}"
EndProject
Project("{9A19103F-16F7-4668-BE54-9A1E7A4F7556}") = "BlazorChat.Server", "..\BlazorChat.Server\BlazorChat.Server.csproj", "{EDD527F6-607D-4687-BD80-56546AEC8527}"
EndProject
Project("{9A19103F-16F7-4668-BE54-9A1E7A4F7556}") = "BlazorChat.Models", "..\BlazorChat.Models\BlazorChat.Models.csproj", "{80BBA47C-4621-46D6-83D3-B62B0E9FB0F5}"
EndProject
Global
	GlobalSection(SolutionConfigurationPlatforms) = preSolution
		Debug|Any CPU = Debug|Any CPU
		Release|Any CPU = Release|Any CPU
	EndGlobalSection
	GlobalSection(ProjectConfigurationPlatforms) = postSolution
		{E0BC2AF8-445D-4F9E-BA67-8B834E5E3DF0}.Debug|Any CPU.ActiveCfg = Debug|Any CPU
		{E0BC2AF8-445D-4F9E-BA67-8B834E5E3DF0}.Debug|Any CPU.Build.0 = Debug|Any CPU
		{E0BC2AF8-445D-4F9E-BA67-8B834E5E3DF0}.Release|Any CPU.ActiveCfg = Release|Any CPU
		{E0BC2AF8-445D-4F9E-BA67-8B834E5E3DF0}.Release|Any CPU.Build.0 = Release|Any CPU
		{EDD527F6-607D-4687-BD80-56546AEC8527}.Debug|Any CPU.ActiveCfg = Debug|Any CPU
		{EDD527F6-607D-4687-BD80-56546AEC8527}.Debug|Any CPU.Build.0 = Debug|Any CPU
		{EDD527F6-607D-4687-BD80-56546AEC8527}.Release|Any CPU.ActiveCfg = Release|Any CPU
		{EDD527F6-607D-4687-BD80-56546AEC8527}.Release|Any CPU.Build.0 = Release|Any CPU
		{80BBA47C-4621-46D6-83D3-B62B0E9FB0F5}.Debug|Any CPU.ActiveCfg = Debug|Any CPU
		{80BBA47C-4621-46D6-83D3-B62B0E9FB0F5}.Debug|Any CPU.Build.0 = Debug|Any CPU
		{80BBA47C-4621-46D6-83D3-B62B0E9FB0F5}.Release|Any CPU.ActiveCfg = Release|Any CPU
		{80BBA47C-4621-46D6-83D3-B62B0E9FB0F5}.Release|Any CPU.Build.0 = Release|Any CPU
	EndGlobalSection
	GlobalSection(SolutionProperties) = preSolution
		HideSolutionNode = FALSE
	EndGlobalSection
	GlobalSection(ExtensibilityGlobals) = postSolution
		SolutionGuid = {217C2CD6-9554-41F8-8CF7-13F036BFA718}
	EndGlobalSection
EndGlobal
